
Microsoft Visual Studio Solution File, Format Version 12.00
# Visual Studio 2012
Project("{2150E333-8FDC-42A3-9474-1A3956D46DE8}") = "unified", "unified", "{84C29D09-A71E-4B50-BD40-A679904BB3D9}"
EndProject
Project("{f2a71f9b-5d33-465a-a702-920d77279786}") = "fsharp_masterdetail", "unified\MasterDetail\fsharp_masterdetail.fsproj", "{14BE2E7C-3220-4128-A8B2-45DCB985B844}"
EndProject
Project("{f2a71f9b-5d33-465a-a702-920d77279786}") = "fullTest", "unified\fullTest\fullTest.fsproj", "{A202739B-6E4E-4772-A2B6-2E427643FF15}"
EndProject
Global
	GlobalSection(SolutionConfigurationPlatforms) = preSolution
		Debug|x86 = Debug|x86
		Release|x86 = Release|x86
		Debug|iPhoneSimulator = Debug|iPhoneSimulator
		Release|iPhoneSimulator = Release|iPhoneSimulator
		Debug|iPhone = Debug|iPhone
		Release|iPhone = Release|iPhone
		Ad-Hoc|iPhone = Ad-Hoc|iPhone
		AppStore|iPhone = AppStore|iPhone
	EndGlobalSection
	GlobalSection(ProjectConfigurationPlatforms) = postSolution
		{14BE2E7C-3220-4128-A8B2-45DCB985B844}.Ad-Hoc|iPhone.ActiveCfg = Ad-Hoc|iPhone
		{14BE2E7C-3220-4128-A8B2-45DCB985B844}.Ad-Hoc|iPhone.Build.0 = Ad-Hoc|iPhone
		{14BE2E7C-3220-4128-A8B2-45DCB985B844}.AppStore|iPhone.ActiveCfg = AppStore|iPhone
		{14BE2E7C-3220-4128-A8B2-45DCB985B844}.AppStore|iPhone.Build.0 = AppStore|iPhone
		{14BE2E7C-3220-4128-A8B2-45DCB985B844}.Debug|iPhone.ActiveCfg = Debug|iPhone
		{14BE2E7C-3220-4128-A8B2-45DCB985B844}.Debug|iPhone.Build.0 = Debug|iPhone
		{14BE2E7C-3220-4128-A8B2-45DCB985B844}.Debug|iPhoneSimulator.ActiveCfg = Debug|iPhoneSimulator
		{14BE2E7C-3220-4128-A8B2-45DCB985B844}.Debug|iPhoneSimulator.Build.0 = Debug|iPhoneSimulator
		{14BE2E7C-3220-4128-A8B2-45DCB985B844}.Debug|x86.ActiveCfg = Debug|iPhoneSimulator
		{14BE2E7C-3220-4128-A8B2-45DCB985B844}.Debug|x86.Build.0 = Debug|iPhoneSimulator
		{14BE2E7C-3220-4128-A8B2-45DCB985B844}.Release|iPhone.ActiveCfg = Release|iPhone
		{14BE2E7C-3220-4128-A8B2-45DCB985B844}.Release|iPhone.Build.0 = Release|iPhone
		{14BE2E7C-3220-4128-A8B2-45DCB985B844}.Release|iPhoneSimulator.ActiveCfg = Release|iPhoneSimulator
		{14BE2E7C-3220-4128-A8B2-45DCB985B844}.Release|iPhoneSimulator.Build.0 = Release|iPhoneSimulator
		{14BE2E7C-3220-4128-A8B2-45DCB985B844}.Release|x86.ActiveCfg = Debug|iPhoneSimulator
		{14BE2E7C-3220-4128-A8B2-45DCB985B844}.Release|x86.Build.0 = Debug|iPhoneSimulator
		{A202739B-6E4E-4772-A2B6-2E427643FF15}.Ad-Hoc|iPhone.ActiveCfg = Ad-Hoc|iPhone
		{A202739B-6E4E-4772-A2B6-2E427643FF15}.Ad-Hoc|iPhone.Build.0 = Ad-Hoc|iPhone
		{A202739B-6E4E-4772-A2B6-2E427643FF15}.AppStore|iPhone.ActiveCfg = AppStore|iPhone
		{A202739B-6E4E-4772-A2B6-2E427643FF15}.AppStore|iPhone.Build.0 = AppStore|iPhone
		{A202739B-6E4E-4772-A2B6-2E427643FF15}.Debug|iPhone.ActiveCfg = Debug|iPhone
		{A202739B-6E4E-4772-A2B6-2E427643FF15}.Debug|iPhone.Build.0 = Debug|iPhone
		{A202739B-6E4E-4772-A2B6-2E427643FF15}.Debug|iPhoneSimulator.ActiveCfg = Debug|iPhoneSimulator
		{A202739B-6E4E-4772-A2B6-2E427643FF15}.Debug|iPhoneSimulator.Build.0 = Debug|iPhoneSimulator
		{A202739B-6E4E-4772-A2B6-2E427643FF15}.Debug|x86.ActiveCfg = Debug|iPhoneSimulator
		{A202739B-6E4E-4772-A2B6-2E427643FF15}.Debug|x86.Build.0 = Debug|iPhoneSimulator
		{A202739B-6E4E-4772-A2B6-2E427643FF15}.Release|iPhone.ActiveCfg = Release|iPhone
		{A202739B-6E4E-4772-A2B6-2E427643FF15}.Release|iPhone.Build.0 = Release|iPhone
		{A202739B-6E4E-4772-A2B6-2E427643FF15}.Release|iPhoneSimulator.ActiveCfg = Release|iPhoneSimulator
		{A202739B-6E4E-4772-A2B6-2E427643FF15}.Release|iPhoneSimulator.Build.0 = Release|iPhoneSimulator
		{A202739B-6E4E-4772-A2B6-2E427643FF15}.Release|x86.ActiveCfg = Debug|iPhoneSimulator
		{A202739B-6E4E-4772-A2B6-2E427643FF15}.Release|x86.Build.0 = Debug|iPhoneSimulator
	EndGlobalSection
	GlobalSection(NestedProjects) = preSolution
		{14BE2E7C-3220-4128-A8B2-45DCB985B844} = {84C29D09-A71E-4B50-BD40-A679904BB3D9}
		{A202739B-6E4E-4772-A2B6-2E427643FF15} = {84C29D09-A71E-4B50-BD40-A679904BB3D9}
	EndGlobalSection
EndGlobal
