
Microsoft Visual Studio Solution File, Format Version 12.00
# Visual Studio 2012
Project("{2150E333-8FDC-42A3-9474-1A3956D46DE8}") = "unified", "unified", "{84C29D09-A71E-4B50-BD40-A679904BB3D9}"
EndProject
Project("{f2a71f9b-5d33-465a-a702-920d77279786}") = "SingleViewUniversal", "unified\SingleViewUniversal\SingleViewUniversal.fsproj", "{4A95C0B9-1453-47C0-B6A1-FEE6122BD11A}"
EndProject
Project("{f2a71f9b-5d33-465a-a702-920d77279786}") = "singleview_tvOS", "unified\singleview_tvOS\singleview_tvOS.fsproj", "{00BF2AD3-867C-4A12-8AE6-907D4F02380F}"
EndProject
Project("{f2a71f9b-5d33-465a-a702-920d77279786}") = "CocoaApp", "CocoaApp\CocoaApp.fsproj", "{7EF80A0C-9765-4E3B-A13B-0B1E77E9CCAA}"
EndProject
Project("{9344BDBB-3E7F-41FC-A0DD-8665D75EE146}") = "fsharp_masterdetail", "unified\MasterDetail\fsharp_masterdetail.fsproj", "{0FFAA8F7-6235-4096-9E89-4B2FFBD48B1F}"
EndProject
Project("{9344BDBB-3E7F-41FC-A0DD-8665D75EE146}") = "fullTest", "unified\fullTest\fullTest.fsproj", "{5CE87E55-6637-4C6B-B693-C2B33914FFBD}"
EndProject
Project("{9344BDBB-3E7F-41FC-A0DD-8665D75EE146}") = "WatchkitTest", "unified\WatchkitTest\WatchkitTest.fsproj", "{27B9311A-FAAC-4DFD-8128-9D55CD15E83F}"
EndProject
Global
	GlobalSection(SolutionConfigurationPlatforms) = preSolution
		Debug|x86 = Debug|x86
		Release|x86 = Release|x86
		Debug|iPhoneSimulator = Debug|iPhoneSimulator
		Release|iPhoneSimulator = Release|iPhoneSimulator
		Debug|iPhone = Debug|iPhone
		Release|iPhone = Release|iPhone
		Ad-Hoc|iPhone = Ad-Hoc|iPhone
		AppStore|iPhone = AppStore|iPhone
	EndGlobalSection
	GlobalSection(ProjectConfigurationPlatforms) = postSolution
		{4A95C0B9-1453-47C0-B6A1-FEE6122BD11A}.Ad-Hoc|iPhone.ActiveCfg = Ad-Hoc|iPhone
		{4A95C0B9-1453-47C0-B6A1-FEE6122BD11A}.Ad-Hoc|iPhone.Build.0 = Ad-Hoc|iPhone
		{4A95C0B9-1453-47C0-B6A1-FEE6122BD11A}.AppStore|iPhone.ActiveCfg = AppStore|iPhone
		{4A95C0B9-1453-47C0-B6A1-FEE6122BD11A}.AppStore|iPhone.Build.0 = AppStore|iPhone
		{4A95C0B9-1453-47C0-B6A1-FEE6122BD11A}.Debug|iPhone.ActiveCfg = Debug|iPhone
		{4A95C0B9-1453-47C0-B6A1-FEE6122BD11A}.Debug|iPhone.Build.0 = Debug|iPhone
		{4A95C0B9-1453-47C0-B6A1-FEE6122BD11A}.Debug|iPhoneSimulator.ActiveCfg = Debug|iPhoneSimulator
		{4A95C0B9-1453-47C0-B6A1-FEE6122BD11A}.Debug|iPhoneSimulator.Build.0 = Debug|iPhoneSimulator
		{4A95C0B9-1453-47C0-B6A1-FEE6122BD11A}.Debug|x86.ActiveCfg = Debug|iPhoneSimulator
		{4A95C0B9-1453-47C0-B6A1-FEE6122BD11A}.Debug|x86.Build.0 = Debug|iPhoneSimulator
		{4A95C0B9-1453-47C0-B6A1-FEE6122BD11A}.Release|iPhone.ActiveCfg = Release|iPhone
		{4A95C0B9-1453-47C0-B6A1-FEE6122BD11A}.Release|iPhone.Build.0 = Release|iPhone
		{4A95C0B9-1453-47C0-B6A1-FEE6122BD11A}.Release|iPhoneSimulator.ActiveCfg = Release|iPhoneSimulator
		{4A95C0B9-1453-47C0-B6A1-FEE6122BD11A}.Release|iPhoneSimulator.Build.0 = Release|iPhoneSimulator
		{4A95C0B9-1453-47C0-B6A1-FEE6122BD11A}.Release|x86.ActiveCfg = Debug|iPhoneSimulator
		{4A95C0B9-1453-47C0-B6A1-FEE6122BD11A}.Release|x86.Build.0 = Debug|iPhoneSimulator
		{00BF2AD3-867C-4A12-8AE6-907D4F02380F}.Debug|x86.ActiveCfg = Debug|iPhoneSimulator
		{00BF2AD3-867C-4A12-8AE6-907D4F02380F}.Debug|x86.Build.0 = Debug|iPhoneSimulator
		{00BF2AD3-867C-4A12-8AE6-907D4F02380F}.Release|x86.ActiveCfg = Debug|iPhoneSimulator
		{00BF2AD3-867C-4A12-8AE6-907D4F02380F}.Release|x86.Build.0 = Debug|iPhoneSimulator
		{00BF2AD3-867C-4A12-8AE6-907D4F02380F}.Debug|iPhoneSimulator.ActiveCfg = Debug|iPhoneSimulator
		{00BF2AD3-867C-4A12-8AE6-907D4F02380F}.Debug|iPhoneSimulator.Build.0 = Debug|iPhoneSimulator
		{00BF2AD3-867C-4A12-8AE6-907D4F02380F}.Release|iPhoneSimulator.ActiveCfg = Release|iPhoneSimulator
		{00BF2AD3-867C-4A12-8AE6-907D4F02380F}.Release|iPhoneSimulator.Build.0 = Release|iPhoneSimulator
		{00BF2AD3-867C-4A12-8AE6-907D4F02380F}.Debug|iPhone.ActiveCfg = Debug|iPhone
		{00BF2AD3-867C-4A12-8AE6-907D4F02380F}.Debug|iPhone.Build.0 = Debug|iPhone
		{00BF2AD3-867C-4A12-8AE6-907D4F02380F}.Release|iPhone.ActiveCfg = Release|iPhone
		{00BF2AD3-867C-4A12-8AE6-907D4F02380F}.Release|iPhone.Build.0 = Release|iPhone
		{00BF2AD3-867C-4A12-8AE6-907D4F02380F}.Ad-Hoc|iPhone.ActiveCfg = Release|iPhone
		{00BF2AD3-867C-4A12-8AE6-907D4F02380F}.Ad-Hoc|iPhone.Build.0 = Release|iPhone
		{00BF2AD3-867C-4A12-8AE6-907D4F02380F}.AppStore|iPhone.ActiveCfg = Release|iPhone
		{00BF2AD3-867C-4A12-8AE6-907D4F02380F}.AppStore|iPhone.Build.0 = Release|iPhone
		{7EF80A0C-9765-4E3B-A13B-0B1E77E9CCAA}.Debug|x86.ActiveCfg = Debug|iPhone
		{7EF80A0C-9765-4E3B-A13B-0B1E77E9CCAA}.Debug|x86.Build.0 = Debug|iPhone
		{7EF80A0C-9765-4E3B-A13B-0B1E77E9CCAA}.Release|x86.ActiveCfg = Release|iPhone
		{7EF80A0C-9765-4E3B-A13B-0B1E77E9CCAA}.Release|x86.Build.0 = Release|iPhone
		{7EF80A0C-9765-4E3B-A13B-0B1E77E9CCAA}.Debug|iPhoneSimulator.ActiveCfg = Debug|iPhone
		{7EF80A0C-9765-4E3B-A13B-0B1E77E9CCAA}.Debug|iPhoneSimulator.Build.0 = Debug|iPhone
		{7EF80A0C-9765-4E3B-A13B-0B1E77E9CCAA}.Release|iPhoneSimulator.ActiveCfg = Release|iPhone
		{7EF80A0C-9765-4E3B-A13B-0B1E77E9CCAA}.Release|iPhoneSimulator.Build.0 = Release|iPhone
		{7EF80A0C-9765-4E3B-A13B-0B1E77E9CCAA}.Debug|iPhone.ActiveCfg = Debug|iPhone
		{7EF80A0C-9765-4E3B-A13B-0B1E77E9CCAA}.Debug|iPhone.Build.0 = Debug|iPhone
		{7EF80A0C-9765-4E3B-A13B-0B1E77E9CCAA}.Release|iPhone.ActiveCfg = Release|iPhone
		{7EF80A0C-9765-4E3B-A13B-0B1E77E9CCAA}.Release|iPhone.Build.0 = Release|iPhone
		{7EF80A0C-9765-4E3B-A13B-0B1E77E9CCAA}.Ad-Hoc|iPhone.ActiveCfg = Release|iPhone
		{7EF80A0C-9765-4E3B-A13B-0B1E77E9CCAA}.Ad-Hoc|iPhone.Build.0 = Release|iPhone
		{7EF80A0C-9765-4E3B-A13B-0B1E77E9CCAA}.AppStore|iPhone.ActiveCfg = Release|iPhone
		{7EF80A0C-9765-4E3B-A13B-0B1E77E9CCAA}.AppStore|iPhone.Build.0 = Release|iPhone
		{0FFAA8F7-6235-4096-9E89-4B2FFBD48B1F}.Debug|x86.ActiveCfg = Debug|iPhoneSimulator
		{0FFAA8F7-6235-4096-9E89-4B2FFBD48B1F}.Debug|x86.Build.0 = Debug|iPhoneSimulator
		{0FFAA8F7-6235-4096-9E89-4B2FFBD48B1F}.Release|x86.ActiveCfg = Debug|iPhoneSimulator
		{0FFAA8F7-6235-4096-9E89-4B2FFBD48B1F}.Release|x86.Build.0 = Debug|iPhoneSimulator
		{0FFAA8F7-6235-4096-9E89-4B2FFBD48B1F}.Debug|iPhoneSimulator.ActiveCfg = Debug|iPhoneSimulator
		{0FFAA8F7-6235-4096-9E89-4B2FFBD48B1F}.Debug|iPhoneSimulator.Build.0 = Debug|iPhoneSimulator
		{0FFAA8F7-6235-4096-9E89-4B2FFBD48B1F}.Release|iPhoneSimulator.ActiveCfg = Release|iPhoneSimulator
		{0FFAA8F7-6235-4096-9E89-4B2FFBD48B1F}.Release|iPhoneSimulator.Build.0 = Release|iPhoneSimulator
		{0FFAA8F7-6235-4096-9E89-4B2FFBD48B1F}.Debug|iPhone.ActiveCfg = Debug|iPhone
		{0FFAA8F7-6235-4096-9E89-4B2FFBD48B1F}.Debug|iPhone.Build.0 = Debug|iPhone
		{0FFAA8F7-6235-4096-9E89-4B2FFBD48B1F}.Release|iPhone.ActiveCfg = Release|iPhone
		{0FFAA8F7-6235-4096-9E89-4B2FFBD48B1F}.Release|iPhone.Build.0 = Release|iPhone
		{0FFAA8F7-6235-4096-9E89-4B2FFBD48B1F}.Ad-Hoc|iPhone.ActiveCfg = Ad-Hoc|iPhone
		{0FFAA8F7-6235-4096-9E89-4B2FFBD48B1F}.Ad-Hoc|iPhone.Build.0 = Ad-Hoc|iPhone
		{0FFAA8F7-6235-4096-9E89-4B2FFBD48B1F}.AppStore|iPhone.ActiveCfg = AppStore|iPhone
		{0FFAA8F7-6235-4096-9E89-4B2FFBD48B1F}.AppStore|iPhone.Build.0 = AppStore|iPhone
		{5CE87E55-6637-4C6B-B693-C2B33914FFBD}.Debug|x86.ActiveCfg = Debug|iPhoneSimulator
		{5CE87E55-6637-4C6B-B693-C2B33914FFBD}.Debug|x86.Build.0 = Debug|iPhoneSimulator
		{5CE87E55-6637-4C6B-B693-C2B33914FFBD}.Release|x86.ActiveCfg = Debug|iPhoneSimulator
		{5CE87E55-6637-4C6B-B693-C2B33914FFBD}.Release|x86.Build.0 = Debug|iPhoneSimulator
		{5CE87E55-6637-4C6B-B693-C2B33914FFBD}.Debug|iPhoneSimulator.ActiveCfg = Debug|iPhoneSimulator
		{5CE87E55-6637-4C6B-B693-C2B33914FFBD}.Debug|iPhoneSimulator.Build.0 = Debug|iPhoneSimulator
		{5CE87E55-6637-4C6B-B693-C2B33914FFBD}.Release|iPhoneSimulator.ActiveCfg = Release|iPhoneSimulator
		{5CE87E55-6637-4C6B-B693-C2B33914FFBD}.Release|iPhoneSimulator.Build.0 = Release|iPhoneSimulator
		{5CE87E55-6637-4C6B-B693-C2B33914FFBD}.Debug|iPhone.ActiveCfg = Debug|iPhone
		{5CE87E55-6637-4C6B-B693-C2B33914FFBD}.Debug|iPhone.Build.0 = Debug|iPhone
		{5CE87E55-6637-4C6B-B693-C2B33914FFBD}.Release|iPhone.ActiveCfg = Release|iPhone
		{5CE87E55-6637-4C6B-B693-C2B33914FFBD}.Release|iPhone.Build.0 = Release|iPhone
		{5CE87E55-6637-4C6B-B693-C2B33914FFBD}.Ad-Hoc|iPhone.ActiveCfg = Ad-Hoc|iPhone
		{5CE87E55-6637-4C6B-B693-C2B33914FFBD}.Ad-Hoc|iPhone.Build.0 = Ad-Hoc|iPhone
		{5CE87E55-6637-4C6B-B693-C2B33914FFBD}.AppStore|iPhone.ActiveCfg = AppStore|iPhone
		{5CE87E55-6637-4C6B-B693-C2B33914FFBD}.AppStore|iPhone.Build.0 = AppStore|iPhone
		{27B9311A-FAAC-4DFD-8128-9D55CD15E83F}.Debug|x86.ActiveCfg = Debug|iPhoneSimulator
		{27B9311A-FAAC-4DFD-8128-9D55CD15E83F}.Debug|x86.Build.0 = Debug|iPhoneSimulator
		{27B9311A-FAAC-4DFD-8128-9D55CD15E83F}.Release|x86.ActiveCfg = Debug|iPhoneSimulator
		{27B9311A-FAAC-4DFD-8128-9D55CD15E83F}.Release|x86.Build.0 = Debug|iPhoneSimulator
		{27B9311A-FAAC-4DFD-8128-9D55CD15E83F}.Debug|iPhoneSimulator.ActiveCfg = Debug|iPhoneSimulator
		{27B9311A-FAAC-4DFD-8128-9D55CD15E83F}.Debug|iPhoneSimulator.Build.0 = Debug|iPhoneSimulator
		{27B9311A-FAAC-4DFD-8128-9D55CD15E83F}.Release|iPhoneSimulator.ActiveCfg = Release|iPhoneSimulator
		{27B9311A-FAAC-4DFD-8128-9D55CD15E83F}.Release|iPhoneSimulator.Build.0 = Release|iPhoneSimulator
		{27B9311A-FAAC-4DFD-8128-9D55CD15E83F}.Debug|iPhone.ActiveCfg = Debug|iPhone
		{27B9311A-FAAC-4DFD-8128-9D55CD15E83F}.Debug|iPhone.Build.0 = Debug|iPhone
		{27B9311A-FAAC-4DFD-8128-9D55CD15E83F}.Release|iPhone.ActiveCfg = Release|iPhone
		{27B9311A-FAAC-4DFD-8128-9D55CD15E83F}.Release|iPhone.Build.0 = Release|iPhone
		{27B9311A-FAAC-4DFD-8128-9D55CD15E83F}.Ad-Hoc|iPhone.ActiveCfg = Release|iPhone
		{27B9311A-FAAC-4DFD-8128-9D55CD15E83F}.Ad-Hoc|iPhone.Build.0 = Release|iPhone
		{27B9311A-FAAC-4DFD-8128-9D55CD15E83F}.AppStore|iPhone.ActiveCfg = Release|iPhone
		{27B9311A-FAAC-4DFD-8128-9D55CD15E83F}.AppStore|iPhone.Build.0 = Release|iPhone
	EndGlobalSection
	GlobalSection(NestedProjects) = preSolution
		{4A95C0B9-1453-47C0-B6A1-FEE6122BD11A} = {84C29D09-A71E-4B50-BD40-A679904BB3D9}
		{00BF2AD3-867C-4A12-8AE6-907D4F02380F} = {84C29D09-A71E-4B50-BD40-A679904BB3D9}
		{0FFAA8F7-6235-4096-9E89-4B2FFBD48B1F} = {84C29D09-A71E-4B50-BD40-A679904BB3D9}
		{5CE87E55-6637-4C6B-B693-C2B33914FFBD} = {84C29D09-A71E-4B50-BD40-A679904BB3D9}
		{27B9311A-FAAC-4DFD-8128-9D55CD15E83F} = {84C29D09-A71E-4B50-BD40-A679904BB3D9}
	EndGlobalSection
EndGlobal
